
Microsoft Visual Studio Solution File, Format Version 12.00
# Visual Studio 15
VisualStudioVersion = 15.0.27004.2009
MinimumVisualStudioVersion = 10.0.40219.1
Project("{FAE04EC0-301F-11D3-BF4B-00C04F79EFBC}") = "DelegatesIrInterfaces", "DelegatesIrInterfaces\DelegatesIrInterfaces.csproj", "{FD534775-A71A-4EC6-8D8A-D61CDB6541E5}"
EndProject
Global
	GlobalSection(SolutionConfigurationPlatforms) = preSolution
		Debug|Any CPU = Debug|Any CPU
		Release|Any CPU = Release|Any CPU
	EndGlobalSection
	GlobalSection(ProjectConfigurationPlatforms) = postSolution
		{FD534775-A71A-4EC6-8D8A-D61CDB6541E5}.Debug|Any CPU.ActiveCfg = Debug|Any CPU
		{FD534775-A71A-4EC6-8D8A-D61CDB6541E5}.Debug|Any CPU.Build.0 = Debug|Any CPU
		{FD534775-A71A-4EC6-8D8A-D61CDB6541E5}.Release|Any CPU.ActiveCfg = Release|Any CPU
		{FD534775-A71A-4EC6-8D8A-D61CDB6541E5}.Release|Any CPU.Build.0 = Release|Any CPU
	EndGlobalSection
	GlobalSection(SolutionProperties) = preSolution
		HideSolutionNode = FALSE
	EndGlobalSection
	GlobalSection(ExtensibilityGlobals) = postSolution
		SolutionGuid = {8516B035-25E1-4221-887F-3D74421FD338}
	EndGlobalSection
EndGlobal
