
Microsoft Visual Studio Solution File, Format Version 12.00
# Visual Studio 15
VisualStudioVersion = 15.0.27004.2009
MinimumVisualStudioVersion = 10.0.40219.1
Project("{FAE04EC0-301F-11D3-BF4B-00C04F79EFBC}") = "LoggingSample", "LoggingSample\LoggingSample.csproj", "{7686DF82-F4CF-418E-A97E-041C60C4DADA}"
EndProject
Global
	GlobalSection(SolutionConfigurationPlatforms) = preSolution
		Debug|Any CPU = Debug|Any CPU
		Release|Any CPU = Release|Any CPU
	EndGlobalSection
	GlobalSection(ProjectConfigurationPlatforms) = postSolution
		{7686DF82-F4CF-418E-A97E-041C60C4DADA}.Debug|Any CPU.ActiveCfg = Debug|Any CPU
		{7686DF82-F4CF-418E-A97E-041C60C4DADA}.Debug|Any CPU.Build.0 = Debug|Any CPU
		{7686DF82-F4CF-418E-A97E-041C60C4DADA}.Release|Any CPU.ActiveCfg = Release|Any CPU
		{7686DF82-F4CF-418E-A97E-041C60C4DADA}.Release|Any CPU.Build.0 = Release|Any CPU
	EndGlobalSection
	GlobalSection(SolutionProperties) = preSolution
		HideSolutionNode = FALSE
	EndGlobalSection
	GlobalSection(ExtensibilityGlobals) = postSolution
		SolutionGuid = {D63D61B4-54E5-4D0E-8A26-240CBD9E9444}
	EndGlobalSection
EndGlobal
